// !$*UTF8*$!
{
	archiveVersion = 1;
	classes = {
	};
	objectVersion = 48;
	objects = {

/* Begin PBXBuildFile section */
		914DE6D51FAB2795006768B7 /* AppDelegate.swift in Sources */ = {isa = PBXBuildFile; fileRef = 914DE6D41FAB2795006768B7 /* AppDelegate.swift */; };
		914DE6D71FAB2795006768B7 /* ViewController.swift in Sources */ = {isa = PBXBuildFile; fileRef = 914DE6D61FAB2795006768B7 /* ViewController.swift */; };
		914DE6DA1FAB2795006768B7 /* Main.storyboard in Resources */ = {isa = PBXBuildFile; fileRef = 914DE6D81FAB2795006768B7 /* Main.storyboard */; };
		914DE6DC1FAB2795006768B7 /* Assets.xcassets in Resources */ = {isa = PBXBuildFile; fileRef = 914DE6DB1FAB2795006768B7 /* Assets.xcassets */; };
		914DE6DF1FAB2795006768B7 /* LaunchScreen.storyboard in Resources */ = {isa = PBXBuildFile; fileRef = 914DE6DD1FAB2795006768B7 /* LaunchScreen.storyboard */; };
		914DE6E71FAB2AC9006768B7 /* CustomCollectionCell.swift in Sources */ = {isa = PBXBuildFile; fileRef = 914DE6E61FAB2AC9006768B7 /* CustomCollectionCell.swift */; };
		914DE6E91FAB2C5B006768B7 /* Env.swift in Sources */ = {isa = PBXBuildFile; fileRef = 914DE6E81FAB2C5B006768B7 /* Env.swift */; };
		A83975EF348E3C1B07C49C44 /* Pods_LcBannerViewDemo.framework in Frameworks */ = {isa = PBXBuildFile; fileRef = 84B52637A150E6C7D07130E0 /* Pods_LcBannerViewDemo.framework */; };
/* End PBXBuildFile section */

/* Begin PBXFileReference section */
		51F9D2C5A626D5E51BC06B89 /* Pods-LcBannerViewDemo.release.xcconfig */ = {isa = PBXFileReference; includeInIndex = 1; lastKnownFileType = text.xcconfig; name = "Pods-LcBannerViewDemo.release.xcconfig"; path = "Pods/Target Support Files/Pods-LcBannerViewDemo/Pods-LcBannerViewDemo.release.xcconfig"; sourceTree = "<group>"; };
		84B52637A150E6C7D07130E0 /* Pods_LcBannerViewDemo.framework */ = {isa = PBXFileReference; explicitFileType = wrapper.framework; includeInIndex = 0; path = Pods_LcBannerViewDemo.framework; sourceTree = BUILT_PRODUCTS_DIR; };
		914DE6D11FAB2795006768B7 /* LcBannerViewDemo.app */ = {isa = PBXFileReference; explicitFileType = wrapper.application; includeInIndex = 0; path = LcBannerViewDemo.app; sourceTree = BUILT_PRODUCTS_DIR; };
		914DE6D41FAB2795006768B7 /* AppDelegate.swift */ = {isa = PBXFileReference; lastKnownFileType = sourcecode.swift; path = AppDelegate.swift; sourceTree = "<group>"; };
		914DE6D61FAB2795006768B7 /* ViewController.swift */ = {isa = PBXFileReference; lastKnownFileType = sourcecode.swift; path = ViewController.swift; sourceTree = "<group>"; };
		914DE6D91FAB2795006768B7 /* Base */ = {isa = PBXFileReference; lastKnownFileType = file.storyboard; name = Base; path = Base.lproj/Main.storyboard; sourceTree = "<group>"; };
		914DE6DB1FAB2795006768B7 /* Assets.xcassets */ = {isa = PBXFileReference; lastKnownFileType = folder.assetcatalog; path = Assets.xcassets; sourceTree = "<group>"; };
		914DE6DE1FAB2795006768B7 /* Base */ = {isa = PBXFileReference; lastKnownFileType = file.storyboard; name = Base; path = Base.lproj/LaunchScreen.storyboard; sourceTree = "<group>"; };
		914DE6E01FAB2795006768B7 /* Info.plist */ = {isa = PBXFileReference; lastKnownFileType = text.plist.xml; path = Info.plist; sourceTree = "<group>"; };
		914DE6E61FAB2AC9006768B7 /* CustomCollectionCell.swift */ = {isa = PBXFileReference; lastKnownFileType = sourcecode.swift; path = CustomCollectionCell.swift; sourceTree = "<group>"; };
		914DE6E81FAB2C5B006768B7 /* Env.swift */ = {isa = PBXFileReference; fileEncoding = 4; lastKnownFileType = sourcecode.swift; path = Env.swift; sourceTree = "<group>"; };
		EFDF68808C2CD7F579BCF8CA /* Pods-LcBannerViewDemo.debug.xcconfig */ = {isa = PBXFileReference; includeInIndex = 1; lastKnownFileType = text.xcconfig; name = "Pods-LcBannerViewDemo.debug.xcconfig"; path = "Pods/Target Support Files/Pods-LcBannerViewDemo/Pods-LcBannerViewDemo.debug.xcconfig"; sourceTree = "<group>"; };
/* End PBXFileReference section */

/* Begin PBXFrameworksBuildPhase section */
		914DE6CE1FAB2795006768B7 /* Frameworks */ = {
			isa = PBXFrameworksBuildPhase;
			buildActionMask = 2147483647;
			files = (
				A83975EF348E3C1B07C49C44 /* Pods_LcBannerViewDemo.framework in Frameworks */,
			);
			runOnlyForDeploymentPostprocessing = 0;
		};
/* End PBXFrameworksBuildPhase section */

/* Begin PBXGroup section */
		914DE6C81FAB2795006768B7 = {
			isa = PBXGroup;
			children = (
				914DE6D31FAB2795006768B7 /* LcBannerViewDemo */,
				914DE6D21FAB2795006768B7 /* Products */,
				E8214160CBFCE1CA67EDBA1C /* Pods */,
				A8B5EABE6E8BB2A40F50E596 /* Frameworks */,
			);
			sourceTree = "<group>";
		};
		914DE6D21FAB2795006768B7 /* Products */ = {
			isa = PBXGroup;
			children = (
				914DE6D11FAB2795006768B7 /* LcBannerViewDemo.app */,
			);
			name = Products;
			sourceTree = "<group>";
		};
		914DE6D31FAB2795006768B7 /* LcBannerViewDemo */ = {
			isa = PBXGroup;
			children = (
				914DE6D41FAB2795006768B7 /* AppDelegate.swift */,
				914DE6E81FAB2C5B006768B7 /* Env.swift */,
				914DE6D61FAB2795006768B7 /* ViewController.swift */,
				914DE6D81FAB2795006768B7 /* Main.storyboard */,
				914DE6DB1FAB2795006768B7 /* Assets.xcassets */,
				914DE6DD1FAB2795006768B7 /* LaunchScreen.storyboard */,
				914DE6E01FAB2795006768B7 /* Info.plist */,
				914DE6E61FAB2AC9006768B7 /* CustomCollectionCell.swift */,
			);
			path = LcBannerViewDemo;
			sourceTree = "<group>";
		};
		A8B5EABE6E8BB2A40F50E596 /* Frameworks */ = {
			isa = PBXGroup;
			children = (
				84B52637A150E6C7D07130E0 /* Pods_LcBannerViewDemo.framework */,
			);
			name = Frameworks;
			sourceTree = "<group>";
		};
		E8214160CBFCE1CA67EDBA1C /* Pods */ = {
			isa = PBXGroup;
			children = (
				EFDF68808C2CD7F579BCF8CA /* Pods-LcBannerViewDemo.debug.xcconfig */,
				51F9D2C5A626D5E51BC06B89 /* Pods-LcBannerViewDemo.release.xcconfig */,
			);
			name = Pods;
			sourceTree = "<group>";
		};
/* End PBXGroup section */

/* Begin PBXNativeTarget section */
		914DE6D01FAB2795006768B7 /* LcBannerViewDemo */ = {
			isa = PBXNativeTarget;
			buildConfigurationList = 914DE6E31FAB2795006768B7 /* Build configuration list for PBXNativeTarget "LcBannerViewDemo" */;
			buildPhases = (
				1571350913C6A9F6E6DF2FB4 /* [CP] Check Pods Manifest.lock */,
				914DE6CD1FAB2795006768B7 /* Sources */,
				914DE6CE1FAB2795006768B7 /* Frameworks */,
				914DE6CF1FAB2795006768B7 /* Resources */,
				4E057095E8D91CE0CA2E3347 /* [CP] Embed Pods Frameworks */,
				663B65DC82FEB9A079D029F3 /* [CP] Copy Pods Resources */,
			);
			buildRules = (
			);
			dependencies = (
			);
			name = LcBannerViewDemo;
			productName = LcBannerViewDemo;
			productReference = 914DE6D11FAB2795006768B7 /* LcBannerViewDemo.app */;
			productType = "com.apple.product-type.application";
		};
/* End PBXNativeTarget section */

/* Begin PBXProject section */
		914DE6C91FAB2795006768B7 /* Project object */ = {
			isa = PBXProject;
			attributes = {
				LastSwiftUpdateCheck = 0910;
				LastUpgradeCheck = 0910;
				ORGANIZATIONNAME = iOSDeveloper;
				TargetAttributes = {
					914DE6D01FAB2795006768B7 = {
						CreatedOnToolsVersion = 9.1;
						ProvisioningStyle = Automatic;
					};
				};
			};
			buildConfigurationList = 914DE6CC1FAB2795006768B7 /* Build configuration list for PBXProject "LcBannerViewDemo" */;
			compatibilityVersion = "Xcode 8.0";
			developmentRegion = en;
			hasScannedForEncodings = 0;
			knownRegions = (
				en,
				Base,
			);
			mainGroup = 914DE6C81FAB2795006768B7;
			productRefGroup = 914DE6D21FAB2795006768B7 /* Products */;
			projectDirPath = "";
			projectRoot = "";
			targets = (
				914DE6D01FAB2795006768B7 /* LcBannerViewDemo */,
			);
		};
/* End PBXProject section */

/* Begin PBXResourcesBuildPhase section */
		914DE6CF1FAB2795006768B7 /* Resources */ = {
			isa = PBXResourcesBuildPhase;
			buildActionMask = 2147483647;
			files = (
				914DE6DF1FAB2795006768B7 /* LaunchScreen.storyboard in Resources */,
				914DE6DC1FAB2795006768B7 /* Assets.xcassets in Resources */,
				914DE6DA1FAB2795006768B7 /* Main.storyboard in Resources */,
			);
			runOnlyForDeploymentPostprocessing = 0;
		};
/* End PBXResourcesBuildPhase section */

/* Begin PBXShellScriptBuildPhase section */
		1571350913C6A9F6E6DF2FB4 /* [CP] Check Pods Manifest.lock */ = {
			isa = PBXShellScriptBuildPhase;
			buildActionMask = 2147483647;
			files = (
			);
			inputPaths = (
				"${PODS_PODFILE_DIR_PATH}/Podfile.lock",
				"${PODS_ROOT}/Manifest.lock",
			);
			name = "[CP] Check Pods Manifest.lock";
			outputPaths = (
				"$(DERIVED_FILE_DIR)/Pods-LcBannerViewDemo-checkManifestLockResult.txt",
			);
			runOnlyForDeploymentPostprocessing = 0;
			shellPath = /bin/sh;
			shellScript = "diff \"${PODS_PODFILE_DIR_PATH}/Podfile.lock\" \"${PODS_ROOT}/Manifest.lock\" > /dev/null\nif [ $? != 0 ] ; then\n    # print error to STDERR\n    echo \"error: The sandbox is not in sync with the Podfile.lock. Run 'pod install' or update your CocoaPods installation.\" >&2\n    exit 1\nfi\n# This output is used by Xcode 'outputs' to avoid re-running this script phase.\necho \"SUCCESS\" > \"${SCRIPT_OUTPUT_FILE_0}\"\n";
			showEnvVarsInLog = 0;
		};
		4E057095E8D91CE0CA2E3347 /* [CP] Embed Pods Frameworks */ = {
			isa = PBXShellScriptBuildPhase;
			buildActionMask = 2147483647;
			files = (
			);
			inputPaths = (
				"${SRCROOT}/Pods/Target Support Files/Pods-LcBannerViewDemo/Pods-LcBannerViewDemo-frameworks.sh",
				"${BUILT_PRODUCTS_DIR}/LCBannerView/LCBannerView.framework",
				"${BUILT_PRODUCTS_DIR}/SDWebImage/SDWebImage.framework",
			);
			name = "[CP] Embed Pods Frameworks";
			outputPaths = (
				"${TARGET_BUILD_DIR}/${FRAMEWORKS_FOLDER_PATH}/LCBannerView.framework",
				"${TARGET_BUILD_DIR}/${FRAMEWORKS_FOLDER_PATH}/SDWebImage.framework",
			);
			runOnlyForDeploymentPostprocessing = 0;
			shellPath = /bin/sh;
			shellScript = "\"${SRCROOT}/Pods/Target Support Files/Pods-LcBannerViewDemo/Pods-LcBannerViewDemo-frameworks.sh\"\n";
			showEnvVarsInLog = 0;
		};
		663B65DC82FEB9A079D029F3 /* [CP] Copy Pods Resources */ = {
			isa = PBXShellScriptBuildPhase;
			buildActionMask = 2147483647;
			files = (
			);
			inputPaths = (
			);
			name = "[CP] Copy Pods Resources";
			outputPaths = (
			);
			runOnlyForDeploymentPostprocessing = 0;
			shellPath = /bin/sh;
			shellScript = "\"${SRCROOT}/Pods/Target Support Files/Pods-LcBannerViewDemo/Pods-LcBannerViewDemo-resources.sh\"\n";
			showEnvVarsInLog = 0;
		};
/* End PBXShellScriptBuildPhase section */

/* Begin PBXSourcesBuildPhase section */
		914DE6CD1FAB2795006768B7 /* Sources */ = {
			isa = PBXSourcesBuildPhase;
			buildActionMask = 2147483647;
			files = (
				914DE6D71FAB2795006768B7 /* ViewController.swift in Sources */,
				914DE6E91FAB2C5B006768B7 /* Env.swift in Sources */,
				914DE6D51FAB2795006768B7 /* AppDelegate.swift in Sources */,
				914DE6E71FAB2AC9006768B7 /* CustomCollectionCell.swift in Sources */,
			);
			runOnlyForDeploymentPostprocessing = 0;
		};
/* End PBXSourcesBuildPhase section */

/* Begin PBXVariantGroup section */
		914DE6D81FAB2795006768B7 /* Main.storyboard */ = {
			isa = PBXVariantGroup;
			children = (
				914DE6D91FAB2795006768B7 /* Base */,
			);
			name = Main.storyboard;
			sourceTree = "<group>";
		};
		914DE6DD1FAB2795006768B7 /* LaunchScreen.storyboard */ = {
			isa = PBXVariantGroup;
			children = (
				914DE6DE1FAB2795006768B7 /* Base */,
			);
			name = LaunchScreen.storyboard;
			sourceTree = "<group>";
		};
/* End PBXVariantGroup section */

/* Begin XCBuildConfiguration section */
		914DE6E11FAB2795006768B7 /* Debug */ = {
			isa = XCBuildConfiguration;
			buildSettings = {
				ALWAYS_SEARCH_USER_PATHS = NO;
				CLANG_ANALYZER_NONNULL = YES;
				CLANG_ANALYZER_NUMBER_OBJECT_CONVERSION = YES_AGGRESSIVE;
				CLANG_CXX_LANGUAGE_STANDARD = "gnu++14";
				CLANG_CXX_LIBRARY = "libc++";
				CLANG_ENABLE_MODULES = YES;
				CLANG_ENABLE_OBJC_ARC = YES;
				CLANG_WARN_BLOCK_CAPTURE_AUTORELEASING = YES;
				CLANG_WARN_BOOL_CONVERSION = YES;
				CLANG_WARN_COMMA = YES;
				CLANG_WARN_CONSTANT_CONVERSION = YES;
				CLANG_WARN_DIRECT_OBJC_ISA_USAGE = YES_ERROR;
				CLANG_WARN_DOCUMENTATION_COMMENTS = YES;
				CLANG_WARN_EMPTY_BODY = YES;
				CLANG_WARN_ENUM_CONVERSION = YES;
				CLANG_WARN_INFINITE_RECURSION = YES;
				CLANG_WARN_INT_CONVERSION = YES;
				CLANG_WARN_NON_LITERAL_NULL_CONVERSION = YES;
				CLANG_WARN_OBJC_LITERAL_CONVERSION = YES;
				CLANG_WARN_OBJC_ROOT_CLASS = YES_ERROR;
				CLANG_WARN_RANGE_LOOP_ANALYSIS = YES;
				CLANG_WARN_STRICT_PROTOTYPES = YES;
				CLANG_WARN_SUSPICIOUS_MOVE = YES;
				CLANG_WARN_UNGUARDED_AVAILABILITY = YES_AGGRESSIVE;
				CLANG_WARN_UNREACHABLE_CODE = YES;
				CLANG_WARN__DUPLICATE_METHOD_MATCH = YES;
				CODE_SIGN_IDENTITY = "iPhone Developer";
				COPY_PHASE_STRIP = NO;
				DEBUG_INFORMATION_FORMAT = dwarf;
				ENABLE_STRICT_OBJC_MSGSEND = YES;
				ENABLE_TESTABILITY = YES;
				GCC_C_LANGUAGE_STANDARD = gnu11;
				GCC_DYNAMIC_NO_PIC = NO;
				GCC_NO_COMMON_BLOCKS = YES;
				GCC_OPTIMIZATION_LEVEL = 0;
				GCC_PREPROCESSOR_DEFINITIONS = (
					"DEBUG=1",
					"$(inherited)",
				);
				GCC_WARN_64_TO_32_BIT_CONVERSION = YES;
				GCC_WARN_ABOUT_RETURN_TYPE = YES_ERROR;
				GCC_WARN_UNDECLARED_SELECTOR = YES;
				GCC_WARN_UNINITIALIZED_AUTOS = YES_AGGRESSIVE;
				GCC_WARN_UNUSED_FUNCTION = YES;
				GCC_WARN_UNUSED_VARIABLE = YES;
				IPHONEOS_DEPLOYMENT_TARGET = 11.1;
				MTL_ENABLE_DEBUG_INFO = YES;
				ONLY_ACTIVE_ARCH = YES;
				SDKROOT = iphoneos;
				SWIFT_ACTIVE_COMPILATION_CONDITIONS = DEBUG;
				SWIFT_OPTIMIZATION_LEVEL = "-Onone";
			};
			name = Debug;
		};
		914DE6E21FAB2795006768B7 /* Release */ = {
			isa = XCBuildConfiguration;
			buildSettings = {
				ALWAYS_SEARCH_USER_PATHS = NO;
				CLANG_ANALYZER_NONNULL = YES;
				CLANG_ANALYZER_NUMBER_OBJECT_CONVERSION = YES_AGGRESSIVE;
				CLANG_CXX_LANGUAGE_STANDARD = "gnu++14";
				CLANG_CXX_LIBRARY = "libc++";
				CLANG_ENABLE_MODULES = YES;
				CLANG_ENABLE_OBJC_ARC = YES;
				CLANG_WARN_BLOCK_CAPTURE_AUTORELEASING = YES;
				CLANG_WARN_BOOL_CONVERSION = YES;
				CLANG_WARN_COMMA = YES;
				CLANG_WARN_CONSTANT_CONVERSION = YES;
				CLANG_WARN_DIRECT_OBJC_ISA_USAGE = YES_ERROR;
				CLANG_WARN_DOCUMENTATION_COMMENTS = YES;
				CLANG_WARN_EMPTY_BODY = YES;
				CLANG_WARN_ENUM_CONVERSION = YES;
				CLANG_WARN_INFINITE_RECURSION = YES;
				CLANG_WARN_INT_CONVERSION = YES;
				CLANG_WARN_NON_LITERAL_NULL_CONVERSION = YES;
				CLANG_WARN_OBJC_LITERAL_CONVERSION = YES;
				CLANG_WARN_OBJC_ROOT_CLASS = YES_ERROR;
				CLANG_WARN_RANGE_LOOP_ANALYSIS = YES;
				CLANG_WARN_STRICT_PROTOTYPES = YES;
				CLANG_WARN_SUSPICIOUS_MOVE = YES;
				CLANG_WARN_UNGUARDED_AVAILABILITY = YES_AGGRESSIVE;
				CLANG_WARN_UNREACHABLE_CODE = YES;
				CLANG_WARN__DUPLICATE_METHOD_MATCH = YES;
				CODE_SIGN_IDENTITY = "iPhone Developer";
				COPY_PHASE_STRIP = NO;
				DEBUG_INFORMATION_FORMAT = "dwarf-with-dsym";
				ENABLE_NS_ASSERTIONS = NO;
				ENABLE_STRICT_OBJC_MSGSEND = YES;
				GCC_C_LANGUAGE_STANDARD = gnu11;
				GCC_NO_COMMON_BLOCKS = YES;
				GCC_WARN_64_TO_32_BIT_CONVERSION = YES;
				GCC_WARN_ABOUT_RETURN_TYPE = YES_ERROR;
				GCC_WARN_UNDECLARED_SELECTOR = YES;
				GCC_WARN_UNINITIALIZED_AUTOS = YES_AGGRESSIVE;
				GCC_WARN_UNUSED_FUNCTION = YES;
				GCC_WARN_UNUSED_VARIABLE = YES;
				IPHONEOS_DEPLOYMENT_TARGET = 11.1;
				MTL_ENABLE_DEBUG_INFO = NO;
				SDKROOT = iphoneos;
				SWIFT_OPTIMIZATION_LEVEL = "-Owholemodule";
				VALIDATE_PRODUCT = YES;
			};
			name = Release;
		};
		914DE6E41FAB2795006768B7 /* Debug */ = {
			isa = XCBuildConfiguration;
			baseConfigurationReference = EFDF68808C2CD7F579BCF8CA /* Pods-LcBannerViewDemo.debug.xcconfig */;
			buildSettings = {
				ASSETCATALOG_COMPILER_APPICON_NAME = AppIcon;
				CODE_SIGN_STYLE = Automatic;
				INFOPLIST_FILE = LcBannerViewDemo/Info.plist;
				LD_RUNPATH_SEARCH_PATHS = "$(inherited) @executable_path/Frameworks";
				PRODUCT_BUNDLE_IDENTIFIER = com.Bulsa.LcBannerViewDemo;
				PRODUCT_NAME = "$(TARGET_NAME)";
				SWIFT_VERSION = 4.0;
				TARGETED_DEVICE_FAMILY = "1,2";
			};
			name = Debug;
		};
		914DE6E51FAB2795006768B7 /* Release */ = {
			isa = XCBuildConfiguration;
			baseConfigurationReference = 51F9D2C5A626D5E51BC06B89 /* Pods-LcBannerViewDemo.release.xcconfig */;
			buildSettings = {
				ASSETCATALOG_COMPILER_APPICON_NAME = AppIcon;
				CODE_SIGN_STYLE = Automatic;
				INFOPLIST_FILE = LcBannerViewDemo/Info.plist;
				LD_RUNPATH_SEARCH_PATHS = "$(inherited) @executable_path/Frameworks";
				PRODUCT_BUNDLE_IDENTIFIER = com.Bulsa.LcBannerViewDemo;
				PRODUCT_NAME = "$(TARGET_NAME)";
				SWIFT_VERSION = 4.0;
				TARGETED_DEVICE_FAMILY = "1,2";
			};
			name = Release;
		};
/* End XCBuildConfiguration section */

/* Begin XCConfigurationList section */
		914DE6CC1FAB2795006768B7 /* Build configuration list for PBXProject "LcBannerViewDemo" */ = {
			isa = XCConfigurationList;
			buildConfigurations = (
				914DE6E11FAB2795006768B7 /* Debug */,
				914DE6E21FAB2795006768B7 /* Release */,
			);
			defaultConfigurationIsVisible = 0;
			defaultConfigurationName = Release;
		};
		914DE6E31FAB2795006768B7 /* Build configuration list for PBXNativeTarget "LcBannerViewDemo" */ = {
			isa = XCConfigurationList;
			buildConfigurations = (
				914DE6E41FAB2795006768B7 /* Debug */,
				914DE6E51FAB2795006768B7 /* Release */,
			);
			defaultConfigurationIsVisible = 0;
			defaultConfigurationName = Release;
		};
/* End XCConfigurationList section */
	};
	rootObject = 914DE6C91FAB2795006768B7 /* Project object */;
}
